
Microsoft Visual Studio Solution File, Format Version 12.00
# Visual Studio Version 17
VisualStudioVersion = 17.9.34728.123
MinimumVisualStudioVersion = 10.0.40219.1
Project("{FAE04EC0-301F-11D3-BF4B-00C04F79EFBC}") = "ApiLivraria", "ApiLivraria.csproj", "{34528329-D7E3-418C-8203-35027A332719}"
EndProject
Global
	GlobalSection(SolutionConfigurationPlatforms) = preSolution
		Debug|Any CPU = Debug|Any CPU
		Release|Any CPU = Release|Any CPU
	EndGlobalSection
	GlobalSection(ProjectConfigurationPlatforms) = postSolution
		{34528329-D7E3-418C-8203-35027A332719}.Debug|Any CPU.ActiveCfg = Debug|Any CPU
		{34528329-D7E3-418C-8203-35027A332719}.Debug|Any CPU.Build.0 = Debug|Any CPU
		{34528329-D7E3-418C-8203-35027A332719}.Release|Any CPU.ActiveCfg = Release|Any CPU
		{34528329-D7E3-418C-8203-35027A332719}.Release|Any CPU.Build.0 = Release|Any CPU
	EndGlobalSection
	GlobalSection(SolutionProperties) = preSolution
		HideSolutionNode = FALSE
	EndGlobalSection
	GlobalSection(ExtensibilityGlobals) = postSolution
		SolutionGuid = {7B5FCBAD-1C3A-4C11-BE78-213D7395921D}
	EndGlobalSection
EndGlobal
